PODS:
  - AFNetworking (2.5.0):
    - AFNetworking/NSURLConnection (= 2.5.0)
    - AFNetworking/NSURLSession (= 2.5.0)
    - AFNetworking/Reachability (= 2.5.0)
    - AFNetworking/Security (= 2.5.0)
    - AFNetworking/Serialization (= 2.5.0)
    - AFNetworking/UIKit (= 2.5.0)
  - AFNetworking/NSURLConnection (2.5.0):
    - AFNetworking/Reachability
    - AFNetworking/Security
    - AFNetworking/Serialization
  - AFNetworking/NSURLSession (2.5.0):
    - AFNetworking/Reachability
    - AFNetworking/Security
    - AFNetworking/Serialization
  - AFNetworking/Reachability (2.5.0)
  - AFNetworking/Security (2.5.0)
  - AFNetworking/Serialization (2.5.0)
  - AFNetworking/UIKit (2.5.0):
    - AFNetworking/NSURLConnection
    - AFNetworking/NSURLSession
  - CMDQueryStringSerialization (0.3.2):
    - ISO8601
  - Haneke (1.0.1)
  - ISO8601 (0.1.1)
  - ReactiveCocoa (2.4.2):
    - ReactiveCocoa/UI (= 2.4.2)
  - ReactiveCocoa/Core (2.4.2):
    - ReactiveCocoa/no-arc
  - ReactiveCocoa/no-arc (2.4.2)
  - ReactiveCocoa/UI (2.4.2):
    - ReactiveCocoa/Core
  - SimpleAuth/Core (0.3.6):
    - CMDQueryStringSerialization
    - ReactiveCocoa
  - SimpleAuth/Instagram (0.3.6):
    - SimpleAuth/Core
    - SimpleAuth/UI
  - SimpleAuth/UI (0.3.6):
    - SimpleAuth/Core

DEPENDENCIES:
  - AFNetworking
  - Haneke
  - SimpleAuth/Instagram

SPEC CHECKSUMS:
  AFNetworking: 0f54cb5d16ce38c1b76948faffb8d5fb705021c7
  CMDQueryStringSerialization: bc824b96c08a3277d00c71504e13c9fa18c6b451
  Haneke: 943f7121b50d31a31a0942afdacb7e6a26ea6181
  ISO8601: a6afce5fbe854024802367c814fac4aa8d3586f9
  ReactiveCocoa: 8418a82b67af2f1b7587baf29c329040a23c2063
  SimpleAuth: 0664e22bff27c7f5b169254b421b1c761d002f65

COCOAPODS: 0.35.0
